// !$*UTF8*$!
{
	archiveVersion = 1;
	classes = {
	};
	objectVersion = 46;
	objects = {

/* Begin PBXBuildFile section */
		0DB3EFEB191E4B7800CD43AC /* blog_admin.cc in Sources */ = {isa = PBXBuildFile; fileRef = 0DB3EFCF191E4B7800CD43AC /* blog_admin.cc */; };
		0DB3EFEC191E4B7800CD43AC /* blog_index.cc in Sources */ = {isa = PBXBuildFile; fileRef = 0DB3EFD1191E4B7800CD43AC /* blog_index.cc */; };
		0DB3EFED191E4B7800CD43AC /* blog_rss.cc in Sources */ = {isa = PBXBuildFile; fileRef = 0DB3EFD3191E4B7800CD43AC /* blog_rss.cc */; };
		0DB3EFEE191E4B7800CD43AC /* database.cc in Sources */ = {isa = PBXBuildFile; fileRef = 0DB3EFD7191E4B7800CD43AC /* database.cc */; };
		0DB3EFEF191E4B7800CD43AC /* html_strip.cc in Sources */ = {isa = PBXBuildFile; fileRef = 0DB3EFD9191E4B7800CD43AC /* html_strip.cc */; };
		0DB3EFF0191E4B7800CD43AC /* main.cc in Sources */ = {isa = PBXBuildFile; fileRef = 0DB3EFDC191E4B7800CD43AC /* main.cc */; };
		0DB3EFF2191E4B7800CD43AC /* response.cc in Sources */ = {isa = PBXBuildFile; fileRef = 0DB3EFE1191E4B7800CD43AC /* response.cc */; };
		0DB3EFF3191E4B7800CD43AC /* server.cc in Sources */ = {isa = PBXBuildFile; fileRef = 0DB3EFE4191E4B7800CD43AC /* server.cc */; };
		0DB3EFF4191E4B7800CD43AC /* session.cc in Sources */ = {isa = PBXBuildFile; fileRef = 0DB3EFE6191E4B7800CD43AC /* session.cc */; };
/* End PBXBuildFile section */

/* Begin PBXCopyFilesBuildPhase section */
		0DB3EFBC191E4B5E00CD43AC /* CopyFiles */ = {
			isa = PBXCopyFilesBuildPhase;
			buildActionMask = 2147483647;
			dstPath = /usr/share/man/man1/;
			dstSubfolderSpec = 0;
			files = (
			);
			runOnlyForDeploymentPostprocessing = 1;
		};
/* End PBXCopyFilesBuildPhase section */

/* Begin PBXFileReference section */
		0DB3EFBE191E4B5E00CD43AC /* fettemama2 */ = {isa = PBXFileReference; explicitFileType = "compiled.mach-o.executable"; includeInIndex = 0; path = fettemama2; sourceTree = BUILT_PRODUCTS_DIR; };
		0DB3EFCC191E4B7800CD43AC /* admin_password */ = {isa = PBXFileReference; fileEncoding = 4; lastKnownFileType = text; path = admin_password; sourceTree = "<group>"; };
		0DB3EFCF191E4B7800CD43AC /* blog_admin.cc */ = {isa = PBXFileReference; fileEncoding = 4; lastKnownFileType = sourcecode.cpp.cpp; path = blog_admin.cc; sourceTree = "<group>"; };
		0DB3EFD0191E4B7800CD43AC /* blog_admin.h */ = {isa = PBXFileReference; fileEncoding = 4; lastKnownFileType = sourcecode.c.h; path = blog_admin.h; sourceTree = "<group>"; };
		0DB3EFD1191E4B7800CD43AC /* blog_index.cc */ = {isa = PBXFileReference; fileEncoding = 4; lastKnownFileType = sourcecode.cpp.cpp; path = blog_index.cc; sourceTree = "<group>"; };
		0DB3EFD2191E4B7800CD43AC /* blog_index.h */ = {isa = PBXFileReference; fileEncoding = 4; lastKnownFileType = sourcecode.c.h; path = blog_index.h; sourceTree = "<group>"; };
		0DB3EFD3191E4B7800CD43AC /* blog_rss.cc */ = {isa = PBXFileReference; fileEncoding = 4; lastKnownFileType = sourcecode.cpp.cpp; path = blog_rss.cc; sourceTree = "<group>"; };
		0DB3EFD4191E4B7800CD43AC /* blog_rss.h */ = {isa = PBXFileReference; fileEncoding = 4; lastKnownFileType = sourcecode.c.h; path = blog_rss.h; sourceTree = "<group>"; };
		0DB3EFD5191E4B7800CD43AC /* config.h */ = {isa = PBXFileReference; fileEncoding = 4; lastKnownFileType = sourcecode.c.h; path = config.h; sourceTree = "<group>"; };
		0DB3EFD6191E4B7800CD43AC /* context.h */ = {isa = PBXFileReference; fileEncoding = 4; lastKnownFileType = sourcecode.c.h; path = context.h; sourceTree = "<group>"; };
		0DB3EFD7191E4B7800CD43AC /* database.cc */ = {isa = PBXFileReference; fileEncoding = 4; lastKnownFileType = sourcecode.cpp.cpp; path = database.cc; sourceTree = "<group>"; };
		0DB3EFD8191E4B7800CD43AC /* database.h */ = {isa = PBXFileReference; fileEncoding = 4; lastKnownFileType = sourcecode.c.h; path = database.h; sourceTree = "<group>"; };
		0DB3EFD9191E4B7800CD43AC /* html_strip.cc */ = {isa = PBXFileReference; fileEncoding = 4; lastKnownFileType = sourcecode.cpp.cpp; path = html_strip.cc; sourceTree = "<group>"; };
		0DB3EFDA191E4B7800CD43AC /* html_strip.h */ = {isa = PBXFileReference; fileEncoding = 4; lastKnownFileType = sourcecode.c.h; path = html_strip.h; sourceTree = "<group>"; };
		0DB3EFDB191E4B7800CD43AC /* lipido.h */ = {isa = PBXFileReference; fileEncoding = 4; lastKnownFileType = sourcecode.c.h; path = lipido.h; sourceTree = "<group>"; };
		0DB3EFDC191E4B7800CD43AC /* main.cc */ = {isa = PBXFileReference; fileEncoding = 4; lastKnownFileType = sourcecode.cpp.cpp; path = main.cc; sourceTree = "<group>"; };
		0DB3EFE0191E4B7800CD43AC /* request.h */ = {isa = PBXFileReference; fileEncoding = 4; lastKnownFileType = sourcecode.c.h; path = request.h; sourceTree = "<group>"; };
		0DB3EFE1191E4B7800CD43AC /* response.cc */ = {isa = PBXFileReference; fileEncoding = 4; lastKnownFileType = sourcecode.cpp.cpp; path = response.cc; sourceTree = "<group>"; };
		0DB3EFE2191E4B7800CD43AC /* response.h */ = {isa = PBXFileReference; fileEncoding = 4; lastKnownFileType = sourcecode.c.h; path = response.h; sourceTree = "<group>"; };
		0DB3EFE4191E4B7800CD43AC /* server.cc */ = {isa = PBXFileReference; fileEncoding = 4; lastKnownFileType = sourcecode.cpp.cpp; path = server.cc; sourceTree = "<group>"; };
		0DB3EFE5191E4B7800CD43AC /* server.h */ = {isa = PBXFileReference; fileEncoding = 4; lastKnownFileType = sourcecode.c.h; path = server.h; sourceTree = "<group>"; };
		0DB3EFE6191E4B7800CD43AC /* session.cc */ = {isa = PBXFileReference; fileEncoding = 4; lastKnownFileType = sourcecode.cpp.cpp; path = session.cc; sourceTree = "<group>"; };
		0DB3EFE7191E4B7800CD43AC /* session.h */ = {isa = PBXFileReference; fileEncoding = 4; lastKnownFileType = sourcecode.c.h; path = session.h; sourceTree = "<group>"; };
/* End PBXFileReference section */

/* Begin PBXFrameworksBuildPhase section */
		0DB3EFBB191E4B5E00CD43AC /* Frameworks */ = {
			isa = PBXFrameworksBuildPhase;
			buildActionMask = 2147483647;
			files = (
			);
			runOnlyForDeploymentPostprocessing = 0;
		};
/* End PBXFrameworksBuildPhase section */

/* Begin PBXGroup section */
		0DB3EFB5191E4B5E00CD43AC = {
			isa = PBXGroup;
			children = (
				0DB3EFCA191E4B7800CD43AC /* src */,
				0DB3EFBF191E4B5E00CD43AC /* Products */,
			);
			sourceTree = "<group>";
		};
		0DB3EFBF191E4B5E00CD43AC /* Products */ = {
			isa = PBXGroup;
			children = (
				0DB3EFBE191E4B5E00CD43AC /* fettemama2 */,
			);
			name = Products;
			sourceTree = "<group>";
		};
		0DB3EFCA191E4B7800CD43AC /* src */ = {
			isa = PBXGroup;
			children = (
				0DB3EFF7191E4CC800CD43AC /* lipido */,
				0DB3EFF6191E4CBE00CD43AC /* blog */,
				0DB3EFCC191E4B7800CD43AC /* admin_password */,
				0DB3EFD5191E4B7800CD43AC /* config.h */,
				0DB3EFD7191E4B7800CD43AC /* database.cc */,
				0DB3EFD8191E4B7800CD43AC /* database.h */,
				0DB3EFD9191E4B7800CD43AC /* html_strip.cc */,
				0DB3EFDA191E4B7800CD43AC /* html_strip.h */,
				0DB3EFDC191E4B7800CD43AC /* main.cc */,
			);
			name = src;
			path = ../src;
			sourceTree = "<group>";
		};
		0DB3EFF6191E4CBE00CD43AC /* blog */ = {
			isa = PBXGroup;
			children = (
				0DB3EFCF191E4B7800CD43AC /* blog_admin.cc */,
				0DB3EFD0191E4B7800CD43AC /* blog_admin.h */,
				0DB3EFD1191E4B7800CD43AC /* blog_index.cc */,
				0DB3EFD2191E4B7800CD43AC /* blog_index.h */,
				0DB3EFD3191E4B7800CD43AC /* blog_rss.cc */,
				0DB3EFD4191E4B7800CD43AC /* blog_rss.h */,
			);
			name = blog;
			sourceTree = "<group>";
		};
		0DB3EFF7191E4CC800CD43AC /* lipido */ = {
			isa = PBXGroup;
			children = (
				0DB3EFDB191E4B7800CD43AC /* lipido.h */,
				0DB3EFD6191E4B7800CD43AC /* context.h */,
				0DB3EFE0191E4B7800CD43AC /* request.h */,
				0DB3EFE1191E4B7800CD43AC /* response.cc */,
				0DB3EFE2191E4B7800CD43AC /* response.h */,
				0DB3EFE4191E4B7800CD43AC /* server.cc */,
				0DB3EFE5191E4B7800CD43AC /* server.h */,
				0DB3EFE6191E4B7800CD43AC /* session.cc */,
				0DB3EFE7191E4B7800CD43AC /* session.h */,
			);
			name = lipido;
			sourceTree = "<group>";
		};
/* End PBXGroup section */

/* Begin PBXNativeTarget section */
		0DB3EFBD191E4B5E00CD43AC /* fettemama2 */ = {
			isa = PBXNativeTarget;
			buildConfigurationList = 0DB3EFC7191E4B5E00CD43AC /* Build configuration list for PBXNativeTarget "fettemama2" */;
			buildPhases = (
				0DB3EFBA191E4B5E00CD43AC /* Sources */,
				0DB3EFBB191E4B5E00CD43AC /* Frameworks */,
				0DB3EFBC191E4B5E00CD43AC /* CopyFiles */,
			);
			buildRules = (
			);
			dependencies = (
			);
			name = fettemama2;
			productName = fettemama2;
			productReference = 0DB3EFBE191E4B5E00CD43AC /* fettemama2 */;
			productType = "com.apple.product-type.tool";
		};
/* End PBXNativeTarget section */

/* Begin PBXProject section */
		0DB3EFB6191E4B5E00CD43AC /* Project object */ = {
			isa = PBXProject;
			attributes = {
				LastUpgradeCheck = 0510;
				ORGANIZATIONNAME = "Vito New Media Ltd. & Co KG";
			};
			buildConfigurationList = 0DB3EFB9191E4B5E00CD43AC /* Build configuration list for PBXProject "fettemama2" */;
			compatibilityVersion = "Xcode 3.2";
			developmentRegion = English;
			hasScannedForEncodings = 0;
			knownRegions = (
				en,
			);
			mainGroup = 0DB3EFB5191E4B5E00CD43AC;
			productRefGroup = 0DB3EFBF191E4B5E00CD43AC /* Products */;
			projectDirPath = "";
			projectRoot = "";
			targets = (
				0DB3EFBD191E4B5E00CD43AC /* fettemama2 */,
			);
		};
/* End PBXProject section */

/* Begin PBXSourcesBuildPhase section */
		0DB3EFBA191E4B5E00CD43AC /* Sources */ = {
			isa = PBXSourcesBuildPhase;
			buildActionMask = 2147483647;
			files = (
				0DB3EFF0191E4B7800CD43AC /* main.cc in Sources */,
				0DB3EFF3191E4B7800CD43AC /* server.cc in Sources */,
				0DB3EFEE191E4B7800CD43AC /* database.cc in Sources */,
				0DB3EFED191E4B7800CD43AC /* blog_rss.cc in Sources */,
				0DB3EFEF191E4B7800CD43AC /* html_strip.cc in Sources */,
				0DB3EFEC191E4B7800CD43AC /* blog_index.cc in Sources */,
				0DB3EFF2191E4B7800CD43AC /* response.cc in Sources */,
				0DB3EFF4191E4B7800CD43AC /* session.cc in Sources */,
				0DB3EFEB191E4B7800CD43AC /* blog_admin.cc in Sources */,
			);
			runOnlyForDeploymentPostprocessing = 0;
		};
/* End PBXSourcesBuildPhase section */

/* Begin XCBuildConfiguration section */
		0DB3EFC5191E4B5E00CD43AC /* Debug */ = {
			isa = XCBuildConfiguration;
			buildSettings = {
				ALWAYS_SEARCH_USER_PATHS = NO;
				CLANG_CXX_LANGUAGE_STANDARD = "gnu++0x";
				CLANG_CXX_LIBRARY = "libc++";
				CLANG_ENABLE_MODULES = YES;
				CLANG_ENABLE_OBJC_ARC = YES;
				CLANG_WARN_BOOL_CONVERSION = YES;
				CLANG_WARN_CONSTANT_CONVERSION = YES;
				CLANG_WARN_DIRECT_OBJC_ISA_USAGE = YES_ERROR;
				CLANG_WARN_EMPTY_BODY = YES;
				CLANG_WARN_ENUM_CONVERSION = YES;
				CLANG_WARN_INT_CONVERSION = YES;
				CLANG_WARN_OBJC_ROOT_CLASS = YES_ERROR;
				CLANG_WARN__DUPLICATE_METHOD_MATCH = YES;
				COPY_PHASE_STRIP = NO;
				GCC_C_LANGUAGE_STANDARD = gnu99;
				GCC_DYNAMIC_NO_PIC = NO;
				GCC_ENABLE_OBJC_EXCEPTIONS = YES;
				GCC_OPTIMIZATION_LEVEL = 0;
				GCC_PREPROCESSOR_DEFINITIONS = (
					"DEBUG=1",
					"$(inherited)",
				);
				GCC_SYMBOLS_PRIVATE_EXTERN = NO;
				GCC_WARN_64_TO_32_BIT_CONVERSION = YES;
				GCC_WARN_ABOUT_RETURN_TYPE = YES_ERROR;
				GCC_WARN_UNDECLARED_SELECTOR = YES;
				GCC_WARN_UNINITIALIZED_AUTOS = YES_AGGRESSIVE;
				GCC_WARN_UNUSED_FUNCTION = YES;
				GCC_WARN_UNUSED_VARIABLE = YES;
				MACOSX_DEPLOYMENT_TARGET = 10.9;
				ONLY_ACTIVE_ARCH = YES;
				SDKROOT = macosx;
			};
			name = Debug;
		};
		0DB3EFC6191E4B5E00CD43AC /* Release */ = {
			isa = XCBuildConfiguration;
			buildSettings = {
				ALWAYS_SEARCH_USER_PATHS = NO;
				CLANG_CXX_LANGUAGE_STANDARD = "gnu++0x";
				CLANG_CXX_LIBRARY = "libc++";
				CLANG_ENABLE_MODULES = YES;
				CLANG_ENABLE_OBJC_ARC = YES;
				CLANG_WARN_BOOL_CONVERSION = YES;
				CLANG_WARN_CONSTANT_CONVERSION = YES;
				CLANG_WARN_DIRECT_OBJC_ISA_USAGE = YES_ERROR;
				CLANG_WARN_EMPTY_BODY = YES;
				CLANG_WARN_ENUM_CONVERSION = YES;
				CLANG_WARN_INT_CONVERSION = YES;
				CLANG_WARN_OBJC_ROOT_CLASS = YES_ERROR;
				CLANG_WARN__DUPLICATE_METHOD_MATCH = YES;
				COPY_PHASE_STRIP = YES;
				DEBUG_INFORMATION_FORMAT = "dwarf-with-dsym";
				ENABLE_NS_ASSERTIONS = NO;
				GCC_C_LANGUAGE_STANDARD = gnu99;
				GCC_ENABLE_OBJC_EXCEPTIONS = YES;
				GCC_WARN_64_TO_32_BIT_CONVERSION = YES;
				GCC_WARN_ABOUT_RETURN_TYPE = YES_ERROR;
				GCC_WARN_UNDECLARED_SELECTOR = YES;
				GCC_WARN_UNINITIALIZED_AUTOS = YES_AGGRESSIVE;
				GCC_WARN_UNUSED_FUNCTION = YES;
				GCC_WARN_UNUSED_VARIABLE = YES;
				MACOSX_DEPLOYMENT_TARGET = 10.9;
				SDKROOT = macosx;
			};
			name = Release;
		};
		0DB3EFC8191E4B5E00CD43AC /* Debug */ = {
			isa = XCBuildConfiguration;
			buildSettings = {
				ALWAYS_SEARCH_USER_PATHS = YES;
				LIBRARY_SEARCH_PATHS = (
					"/usr/local/Cellar/mysql-connector-c/6.1.3/lib",
					/usr/local/Cellar/libevent/2.0.21/lib,
				);
				OTHER_LDFLAGS = (
					"-lmysqlclient",
					"-levent",
				);
				PRODUCT_NAME = "$(TARGET_NAME)";
				USER_HEADER_SEARCH_PATHS = "/usr/local/Cellar/mysql-connector-c/6.1.3/include /usr/local/Cellar/libevent/2.0.21/include";
			};
			name = Debug;
		};
		0DB3EFC9191E4B5E00CD43AC /* Release */ = {
			isa = XCBuildConfiguration;
			buildSettings = {
				ALWAYS_SEARCH_USER_PATHS = YES;
				LIBRARY_SEARCH_PATHS = (
					"/usr/local/Cellar/mysql-connector-c/6.1.3/lib",
					/usr/local/Cellar/libevent/2.0.21/lib,
				);
				OTHER_LDFLAGS = (
					"-lmysqlclient",
					"-levent",
				);
				PRODUCT_NAME = "$(TARGET_NAME)";
				USER_HEADER_SEARCH_PATHS = "/usr/local/Cellar/mysql-connector-c/6.1.3/include /usr/local/Cellar/libevent/2.0.21/include";
			};
			name = Release;
		};
/* End XCBuildConfiguration section */

/* Begin XCConfigurationList section */
		0DB3EFB9191E4B5E00CD43AC /* Build configuration list for PBXProject "fettemama2" */ = {
			isa = XCConfigurationList;
			buildConfigurations = (
				0DB3EFC5191E4B5E00CD43AC /* Debug */,
				0DB3EFC6191E4B5E00CD43AC /* Release */,
			);
			defaultConfigurationIsVisible = 0;
			defaultConfigurationName = Release;
		};
		0DB3EFC7191E4B5E00CD43AC /* Build configuration list for PBXNativeTarget "fettemama2" */ = {
			isa = XCConfigurationList;
			buildConfigurations = (
				0DB3EFC8191E4B5E00CD43AC /* Debug */,
				0DB3EFC9191E4B5E00CD43AC /* Release */,
			);
			defaultConfigurationIsVisible = 0;
		};
/* End XCConfigurationList section */
	};
	rootObject = 0DB3EFB6191E4B5E00CD43AC /* Project object */;
}
